{
  "name": "aurum-server",
  "version": "0.0.5",
  "lockfileVersion": 2,
  "requires": true,
  "packages": {
    "": {
      "version": "0.0.5",
      "license": "ISC",
      "dependencies": {
        "@types/node": "^14.14.12",
        "@types/ws": "^7.2.7",
        "aurumjs": "^0.6.0",
        "ws": "^7.3.1"
      },
      "devDependencies": {}
    },
    "node_modules/@types/node": {
      "version": "14.14.12",
      "resolved": "https://registry.npmjs.org/@types/node/-/node-14.14.12.tgz",
      "integrity": "sha512-ASH8OPHMNlkdjrEdmoILmzFfsJICvhBsFfAum4aKZ/9U4B6M6tTmTPh+f3ttWdD74CEGV5XvXWkbyfSdXaTd7g=="
    },
    "node_modules/@types/ws": {
      "version": "7.2.7",
      "resolved": "https://registry.npmjs.org/@types/ws/-/ws-7.2.7.tgz",
      "integrity": "sha512-UUFC/xxqFLP17hTva8/lVT0SybLUrfSD9c+iapKb0fEiC8uoDbA+xuZ3pAN603eW+bY8ebSMLm9jXdIPnD0ZgA==",
      "dependencies": {
        "@types/node": "*"
      }
    },
    "node_modules/aurumjs": {
      "version": "0.6.0",
      "resolved": "https://registry.npmjs.org/aurumjs/-/aurumjs-0.6.0.tgz",
      "integrity": "sha512-IFnKKS1lZkn8xLFtNIgkgasPQMUo4PyQ9ZBnGJ01uXvb8nNEgbgCQxyCbsh0XvTlXiQtFVH2s7eycSjNgbor9w=="
    },
    "node_modules/ws": {
      "version": "7.3.1",
      "resolved": "https://registry.npmjs.org/ws/-/ws-7.3.1.tgz",
      "integrity": "sha512-D3RuNkynyHmEJIpD2qrgVkc9DQ23OrN/moAwZX4L8DfvszsJxpjQuUq3LMx6HoYji9fbIOBY18XWBsAux1ZZUA==",
      "engines": {
        "node": ">=8.3.0"
      }
    }
  },
  "dependencies": {
    "@types/node": {
      "version": "14.14.12",
      "resolved": "https://registry.npmjs.org/@types/node/-/node-14.14.12.tgz",
      "integrity": "sha512-ASH8OPHMNlkdjrEdmoILmzFfsJICvhBsFfAum4aKZ/9U4B6M6tTmTPh+f3ttWdD74CEGV5XvXWkbyfSdXaTd7g=="
    },
    "@types/ws": {
      "version": "7.2.7",
      "resolved": "https://registry.npmjs.org/@types/ws/-/ws-7.2.7.tgz",
      "integrity": "sha512-UUFC/xxqFLP17hTva8/lVT0SybLUrfSD9c+iapKb0fEiC8uoDbA+xuZ3pAN603eW+bY8ebSMLm9jXdIPnD0ZgA==",
      "requires": {
        "@types/node": "*"
      }
    },
    "aurumjs": {
      "version": "0.6.0",
      "resolved": "https://registry.npmjs.org/aurumjs/-/aurumjs-0.6.0.tgz",
      "integrity": "sha512-IFnKKS1lZkn8xLFtNIgkgasPQMUo4PyQ9ZBnGJ01uXvb8nNEgbgCQxyCbsh0XvTlXiQtFVH2s7eycSjNgbor9w=="
    },
    "ws": {
      "version": "7.3.1",
      "resolved": "https://registry.npmjs.org/ws/-/ws-7.3.1.tgz",
      "integrity": "sha512-D3RuNkynyHmEJIpD2qrgVkc9DQ23OrN/moAwZX4L8DfvszsJxpjQuUq3LMx6HoYji9fbIOBY18XWBsAux1ZZUA=="
    }
  }
}
