{
  "name": "aurum-server",
  "version": "1.0.0",
  "lockfileVersion": 1,
  "requires": true,
  "dependencies": {
    "@types/node": {
      "version": "14.14.12",
      "resolved": "https://registry.npmjs.org/@types/node/-/node-14.14.12.tgz",
      "integrity": "sha512-ASH8OPHMNlkdjrEdmoILmzFfsJICvhBsFfAum4aKZ/9U4B6M6tTmTPh+f3ttWdD74CEGV5XvXWkbyfSdXaTd7g=="
    },
    "@types/ws": {
      "version": "7.2.7",
      "resolved": "https://registry.npmjs.org/@types/ws/-/ws-7.2.7.tgz",
      "integrity": "sha512-UUFC/xxqFLP17hTva8/lVT0SybLUrfSD9c+iapKb0fEiC8uoDbA+xuZ3pAN603eW+bY8ebSMLm9jXdIPnD0ZgA==",
      "requires": {
        "@types/node": "*"
      }
    },
    "aurumjs": {
      "version": "0.5.49",
      "resolved": "https://registry.npmjs.org/aurumjs/-/aurumjs-0.5.49.tgz",
      "integrity": "sha512-17h9FekbFFT42W/QWuZKcOo661wbkDECoqo8EmhenqdFNiJQLgC4nQffs3BxDGSLWHgtcBCgEh7QsVM+dXCoXw=="
    },
    "ws": {
      "version": "7.3.1",
      "resolved": "https://registry.npmjs.org/ws/-/ws-7.3.1.tgz",
      "integrity": "sha512-D3RuNkynyHmEJIpD2qrgVkc9DQ23OrN/moAwZX4L8DfvszsJxpjQuUq3LMx6HoYji9fbIOBY18XWBsAux1ZZUA=="
    }
  }
}
