{
    "name": "aurum-server",
    "version": "0.0.2",
    "lockfileVersion": 2,
    "requires": true,
    "packages": {
        "": {
            "version": "0.0.2",
            "license": "ISC",
            "dependencies": {
                "@types/node": "^14.14.12",
                "@types/ws": "^7.2.7",
                "aurumjs": "^0.5.53",
                "ws": "^7.3.1"
            },
            "devDependencies": {}
        },
        "node_modules/@types/node": {
            "version": "14.14.12",
            "resolved": "https://registry.npmjs.org/@types/node/-/node-14.14.12.tgz",
            "integrity": "sha512-ASH8OPHMNlkdjrEdmoILmzFfsJICvhBsFfAum4aKZ/9U4B6M6tTmTPh+f3ttWdD74CEGV5XvXWkbyfSdXaTd7g=="
        },
        "node_modules/@types/ws": {
            "version": "7.2.7",
            "resolved": "https://registry.npmjs.org/@types/ws/-/ws-7.2.7.tgz",
            "integrity": "sha512-UUFC/xxqFLP17hTva8/lVT0SybLUrfSD9c+iapKb0fEiC8uoDbA+xuZ3pAN603eW+bY8ebSMLm9jXdIPnD0ZgA==",
            "dependencies": {
                "@types/node": "*"
            }
        },
        "node_modules/aurumjs": {
            "version": "0.5.53",
            "resolved": "https://registry.npmjs.org/aurumjs/-/aurumjs-0.5.53.tgz",
            "integrity": "sha512-Eu0AAfek4AsGvM9NqWZ2i3HpBVQxsTmB+j7lSweI13+zM6lp78kzuPWnWiqV8fkr4VvrgO8YeTIpdj5EWpzc8Q=="
        },
        "node_modules/ws": {
            "version": "7.3.1",
            "resolved": "https://registry.npmjs.org/ws/-/ws-7.3.1.tgz",
            "integrity": "sha512-D3RuNkynyHmEJIpD2qrgVkc9DQ23OrN/moAwZX4L8DfvszsJxpjQuUq3LMx6HoYji9fbIOBY18XWBsAux1ZZUA==",
            "engines": {
                "node": ">=8.3.0"
            }
        }
    },
    "dependencies": {
        "@types/node": {
            "version": "14.14.12",
            "resolved": "https://registry.npmjs.org/@types/node/-/node-14.14.12.tgz",
            "integrity": "sha512-ASH8OPHMNlkdjrEdmoILmzFfsJICvhBsFfAum4aKZ/9U4B6M6tTmTPh+f3ttWdD74CEGV5XvXWkbyfSdXaTd7g=="
        },
        "@types/ws": {
            "version": "7.2.7",
            "resolved": "https://registry.npmjs.org/@types/ws/-/ws-7.2.7.tgz",
            "integrity": "sha512-UUFC/xxqFLP17hTva8/lVT0SybLUrfSD9c+iapKb0fEiC8uoDbA+xuZ3pAN603eW+bY8ebSMLm9jXdIPnD0ZgA==",
            "requires": {
                "@types/node": "*"
            }
        },
        "aurumjs": {
            "version": "0.5.53",
            "resolved": "https://registry.npmjs.org/aurumjs/-/aurumjs-0.5.53.tgz",
            "integrity": "sha512-Eu0AAfek4AsGvM9NqWZ2i3HpBVQxsTmB+j7lSweI13+zM6lp78kzuPWnWiqV8fkr4VvrgO8YeTIpdj5EWpzc8Q=="
        },
        "ws": {
            "version": "7.3.1",
            "resolved": "https://registry.npmjs.org/ws/-/ws-7.3.1.tgz",
            "integrity": "sha512-D3RuNkynyHmEJIpD2qrgVkc9DQ23OrN/moAwZX4L8DfvszsJxpjQuUq3LMx6HoYji9fbIOBY18XWBsAux1ZZUA=="
        }
    }
}
